
Microsoft Visual Studio Solution File, Format Version 12.00
# Visual Studio Version 17
VisualStudioVersion = 17.11.35222.181
MinimumVisualStudioVersion = 10.0.40219.1
Project("{FAE04EC0-301F-11D3-BF4B-00C04F79EFBC}") = "Lab uppgift 6 OOP Arv Joel", "Lab uppgift 6 OOP Arv Joel.csproj", "{46C04B43-4903-4693-A826-BEDD201A3680}"
EndProject
Global
	GlobalSection(SolutionConfigurationPlatforms) = preSolution
		Debug|Any CPU = Debug|Any CPU
		Release|Any CPU = Release|Any CPU
	EndGlobalSection
	GlobalSection(ProjectConfigurationPlatforms) = postSolution
		{46C04B43-4903-4693-A826-BEDD201A3680}.Debug|Any CPU.ActiveCfg = Debug|Any CPU
		{46C04B43-4903-4693-A826-BEDD201A3680}.Debug|Any CPU.Build.0 = Debug|Any CPU
		{46C04B43-4903-4693-A826-BEDD201A3680}.Release|Any CPU.ActiveCfg = Release|Any CPU
		{46C04B43-4903-4693-A826-BEDD201A3680}.Release|Any CPU.Build.0 = Release|Any CPU
	EndGlobalSection
	GlobalSection(SolutionProperties) = preSolution
		HideSolutionNode = FALSE
	EndGlobalSection
	GlobalSection(ExtensibilityGlobals) = postSolution
		SolutionGuid = {AAA7FAB1-CD95-4DFF-A366-F81C0BEDDA4E}
	EndGlobalSection
EndGlobal
